# Code generated by scarb DO NOT EDIT.
version = 1

[[package]]
name = "parlay"
version = "0.1.0"
dependencies = [
 "snforge_std",
]

[[package]]
name = "snforge_scarb_plugin"
version = "0.37.0"
source = "registry+https://scarbs.xyz/"
checksum = "sha256:9dbb114f853decc27b2d6d53e2ddd207217ce63c2d24a47c5c48d5f475b0b9a5"

[[package]]
name = "snforge_std"
version = "0.37.0"
source = "registry+https://scarbs.xyz/"
checksum = "sha256:f5702c4a6d54e3563b4aa78c834de6ddcf18ef8ca8fd35dc1bceb7ece58e9571"
dependencies = [
 "snforge_scarb_plugin",
]
